// !$*UTF8*$!
{
	archiveVersion = 1;
	classes = {
	};
	objectVersion = 55;
	objects = {

/* Begin PBXBuildFile section */
		B631F62028041208006C71AB /* ProgressViewCollectionCell.swift in Sources */ = {isa = PBXBuildFile; fileRef = B631F61F28041207006C71AB /* ProgressViewCollectionCell.swift */; };
		B631F62228041234006C71AB /* HabitCollectionCell.swift in Sources */ = {isa = PBXBuildFile; fileRef = B631F62128041234006C71AB /* HabitCollectionCell.swift */; };
		B631F62428041254006C71AB /* HabitDetailsViewController.swift in Sources */ = {isa = PBXBuildFile; fileRef = B631F62328041254006C71AB /* HabitDetailsViewController.swift */; };
		B631F626280413D9006C71AB /* HabitTableCell.swift in Sources */ = {isa = PBXBuildFile; fileRef = B631F625280413D9006C71AB /* HabitTableCell.swift */; };
		B631F628280413E9006C71AB /* HabitTableHeader.swift in Sources */ = {isa = PBXBuildFile; fileRef = B631F627280413E9006C71AB /* HabitTableHeader.swift */; };
		B631F62A28041516006C71AB /* HabitViewController.swift in Sources */ = {isa = PBXBuildFile; fileRef = B631F62928041516006C71AB /* HabitViewController.swift */; };
		B6456A3E27FF482E0041A3FE /* AppDelegate.swift in Sources */ = {isa = PBXBuildFile; fileRef = B6456A3D27FF482E0041A3FE /* AppDelegate.swift */; };
		B6456A4727FF482F0041A3FE /* Assets.xcassets in Resources */ = {isa = PBXBuildFile; fileRef = B6456A4627FF482F0041A3FE /* Assets.xcassets */; };
		B6456A5427FF4AD70041A3FE /* LaunchViewController.swift in Sources */ = {isa = PBXBuildFile; fileRef = B6456A5327FF4AD70041A3FE /* LaunchViewController.swift */; };
		B64D80FC28008CB100446AC4 /* HabitsStore.swift in Sources */ = {isa = PBXBuildFile; fileRef = B64D80FB28008CB100446AC4 /* HabitsStore.swift */; };
		B64D810128008E6700446AC4 /* MainTabBarController.swift in Sources */ = {isa = PBXBuildFile; fileRef = B64D810028008E6700446AC4 /* MainTabBarController.swift */; };
		B64D81032800AFF500446AC4 /* HabitsViewController.swift in Sources */ = {isa = PBXBuildFile; fileRef = B64D81022800AFF500446AC4 /* HabitsViewController.swift */; };
		B64D81052800B02000446AC4 /* InfoViewController.swift in Sources */ = {isa = PBXBuildFile; fileRef = B64D81042800B02000446AC4 /* InfoViewController.swift */; };
/* End PBXBuildFile section */

/* Begin PBXFileReference section */
		B631F61F28041207006C71AB /* ProgressViewCollectionCell.swift */ = {isa = PBXFileReference; fileEncoding = 4; lastKnownFileType = sourcecode.swift; path = ProgressViewCollectionCell.swift; sourceTree = "<group>"; };
		B631F62128041234006C71AB /* HabitCollectionCell.swift */ = {isa = PBXFileReference; fileEncoding = 4; lastKnownFileType = sourcecode.swift; path = HabitCollectionCell.swift; sourceTree = "<group>"; };
		B631F62328041254006C71AB /* HabitDetailsViewController.swift */ = {isa = PBXFileReference; fileEncoding = 4; lastKnownFileType = sourcecode.swift; path = HabitDetailsViewController.swift; sourceTree = "<group>"; };
		B631F625280413D9006C71AB /* HabitTableCell.swift */ = {isa = PBXFileReference; fileEncoding = 4; lastKnownFileType = sourcecode.swift; path = HabitTableCell.swift; sourceTree = "<group>"; };
		B631F627280413E9006C71AB /* HabitTableHeader.swift */ = {isa = PBXFileReference; fileEncoding = 4; lastKnownFileType = sourcecode.swift; path = HabitTableHeader.swift; sourceTree = "<group>"; };
		B631F62928041516006C71AB /* HabitViewController.swift */ = {isa = PBXFileReference; fileEncoding = 4; lastKnownFileType = sourcecode.swift; path = HabitViewController.swift; sourceTree = "<group>"; };
		B6456A3A27FF482E0041A3FE /* MyHabits.app */ = {isa = PBXFileReference; explicitFileType = wrapper.application; includeInIndex = 0; path = MyHabits.app; sourceTree = BUILT_PRODUCTS_DIR; };
		B6456A3D27FF482E0041A3FE /* AppDelegate.swift */ = {isa = PBXFileReference; lastKnownFileType = sourcecode.swift; path = AppDelegate.swift; sourceTree = "<group>"; };
		B6456A4627FF482F0041A3FE /* Assets.xcassets */ = {isa = PBXFileReference; lastKnownFileType = folder.assetcatalog; path = Assets.xcassets; sourceTree = "<group>"; };
		B6456A4B27FF482F0041A3FE /* Info.plist */ = {isa = PBXFileReference; lastKnownFileType = text.plist.xml; path = Info.plist; sourceTree = "<group>"; };
		B6456A5327FF4AD70041A3FE /* LaunchViewController.swift */ = {isa = PBXFileReference; lastKnownFileType = sourcecode.swift; path = LaunchViewController.swift; sourceTree = "<group>"; };
		B64D80FB28008CB100446AC4 /* HabitsStore.swift */ = {isa = PBXFileReference; lastKnownFileType = sourcecode.swift; path = HabitsStore.swift; sourceTree = "<group>"; };
		B64D810028008E6700446AC4 /* MainTabBarController.swift */ = {isa = PBXFileReference; lastKnownFileType = sourcecode.swift; path = MainTabBarController.swift; sourceTree = "<group>"; };
		B64D81022800AFF500446AC4 /* HabitsViewController.swift */ = {isa = PBXFileReference; lastKnownFileType = sourcecode.swift; path = HabitsViewController.swift; sourceTree = "<group>"; };
		B64D81042800B02000446AC4 /* InfoViewController.swift */ = {isa = PBXFileReference; lastKnownFileType = sourcecode.swift; path = InfoViewController.swift; sourceTree = "<group>"; };
/* End PBXFileReference section */

/* Begin PBXFrameworksBuildPhase section */
		B6456A3727FF482E0041A3FE /* Frameworks */ = {
			isa = PBXFrameworksBuildPhase;
			buildActionMask = 2147483647;
			files = (
			);
			runOnlyForDeploymentPostprocessing = 0;
		};
/* End PBXFrameworksBuildPhase section */

/* Begin PBXGroup section */
		125D25B3280749A7002A039C /* App */ = {
			isa = PBXGroup;
			children = (
				B6456A3D27FF482E0041A3FE /* AppDelegate.swift */,
			);
			path = App;
			sourceTree = "<group>";
		};
		125D25B4280749D5002A039C /* Launch */ = {
			isa = PBXGroup;
			children = (
				B6456A5327FF4AD70041A3FE /* LaunchViewController.swift */,
			);
			path = Launch;
			sourceTree = "<group>";
		};
		125D25B528074D7E002A039C /* Habits */ = {
			isa = PBXGroup;
			children = (
				B64D81022800AFF500446AC4 /* HabitsViewController.swift */,
				B631F61F28041207006C71AB /* ProgressViewCollectionCell.swift */,
				B631F62128041234006C71AB /* HabitCollectionCell.swift */,
			);
			path = Habits;
			sourceTree = "<group>";
		};
		125D25B628074D86002A039C /* Info */ = {
			isa = PBXGroup;
			children = (
				B64D81042800B02000446AC4 /* InfoViewController.swift */,
			);
			path = Info;
			sourceTree = "<group>";
		};
		125D25B728074DB4002A039C /* Detail */ = {
			isa = PBXGroup;
			children = (
				B631F62328041254006C71AB /* HabitDetailsViewController.swift */,
				B631F62C280424AB006C71AB /* Table */,
			);
			path = Detail;
			sourceTree = "<group>";
		};
		B631F62B2804242B006C71AB /* Edit Habit */ = {
			isa = PBXGroup;
			children = (
				B631F62928041516006C71AB /* HabitViewController.swift */,
			);
			path = "Edit Habit";
			sourceTree = "<group>";
		};
		B631F62C280424AB006C71AB /* Table */ = {
			isa = PBXGroup;
			children = (
				B631F627280413E9006C71AB /* HabitTableHeader.swift */,
				B631F625280413D9006C71AB /* HabitTableCell.swift */,
			);
			path = Table;
			sourceTree = "<group>";
		};
		B6456A3127FF482E0041A3FE = {
			isa = PBXGroup;
			children = (
				125D25B3280749A7002A039C /* App */,
				B64D80FD28008CCF00446AC4 /* Screens */,
				B64D80FE28008D4100446AC4 /* Services */,
				B6456A3C27FF482E0041A3FE /* MyHabits */,
				B6456A3B27FF482E0041A3FE /* Products */,
			);
			sourceTree = "<group>";
		};
		B6456A3B27FF482E0041A3FE /* Products */ = {
			isa = PBXGroup;
			children = (
				B6456A3A27FF482E0041A3FE /* MyHabits.app */,
			);
			name = Products;
			sourceTree = "<group>";
		};
		B6456A3C27FF482E0041A3FE /* MyHabits */ = {
			isa = PBXGroup;
			children = (
				B6456A4627FF482F0041A3FE /* Assets.xcassets */,
				B6456A4B27FF482F0041A3FE /* Info.plist */,
			);
			path = MyHabits;
			sourceTree = "<group>";
		};
		B64D80FD28008CCF00446AC4 /* Screens */ = {
			isa = PBXGroup;
			children = (
				125D25B4280749D5002A039C /* Launch */,
				B64D81062800B06300446AC4 /* Main TabBar */,
				125D25B528074D7E002A039C /* Habits */,
				125D25B628074D86002A039C /* Info */,
				B631F62B2804242B006C71AB /* Edit Habit */,
				125D25B728074DB4002A039C /* Detail */,
			);
			path = Screens;
			sourceTree = "<group>";
		};
		B64D80FE28008D4100446AC4 /* Services */ = {
			isa = PBXGroup;
			children = (
				B64D80FB28008CB100446AC4 /* HabitsStore.swift */,
			);
			path = Services;
			sourceTree = "<group>";
		};
		B64D81062800B06300446AC4 /* Main TabBar */ = {
			isa = PBXGroup;
			children = (
				B64D810028008E6700446AC4 /* MainTabBarController.swift */,
			);
			path = "Main TabBar";
			sourceTree = "<group>";
		};
/* End PBXGroup section */

/* Begin PBXNativeTarget section */
		B6456A3927FF482E0041A3FE /* MyHabits */ = {
			isa = PBXNativeTarget;
			buildConfigurationList = B6456A4E27FF482F0041A3FE /* Build configuration list for PBXNativeTarget "MyHabits" */;
			buildPhases = (
				B6456A3627FF482E0041A3FE /* Sources */,
				B6456A3727FF482E0041A3FE /* Frameworks */,
				B6456A3827FF482E0041A3FE /* Resources */,
			);
			buildRules = (
			);
			dependencies = (
			);
			name = MyHabits;
			productName = MyHabits;
			productReference = B6456A3A27FF482E0041A3FE /* MyHabits.app */;
			productType = "com.apple.product-type.application";
		};
/* End PBXNativeTarget section */

/* Begin PBXProject section */
		B6456A3227FF482E0041A3FE /* Project object */ = {
			isa = PBXProject;
			attributes = {
				BuildIndependentTargetsInParallel = 1;
				LastSwiftUpdateCheck = 1330;
				LastUpgradeCheck = 1330;
				TargetAttributes = {
					B6456A3927FF482E0041A3FE = {
						CreatedOnToolsVersion = 13.3;
					};
				};
			};
			buildConfigurationList = B6456A3527FF482E0041A3FE /* Build configuration list for PBXProject "MyHabits" */;
			compatibilityVersion = "Xcode 13.0";
			developmentRegion = en;
			hasScannedForEncodings = 0;
			knownRegions = (
				en,
				Base,
			);
			mainGroup = B6456A3127FF482E0041A3FE;
			productRefGroup = B6456A3B27FF482E0041A3FE /* Products */;
			projectDirPath = "";
			projectRoot = "";
			targets = (
				B6456A3927FF482E0041A3FE /* MyHabits */,
			);
		};
/* End PBXProject section */

/* Begin PBXResourcesBuildPhase section */
		B6456A3827FF482E0041A3FE /* Resources */ = {
			isa = PBXResourcesBuildPhase;
			buildActionMask = 2147483647;
			files = (
				B6456A4727FF482F0041A3FE /* Assets.xcassets in Resources */,
			);
			runOnlyForDeploymentPostprocessing = 0;
		};
/* End PBXResourcesBuildPhase section */

/* Begin PBXSourcesBuildPhase section */
		B6456A3627FF482E0041A3FE /* Sources */ = {
			isa = PBXSourcesBuildPhase;
			buildActionMask = 2147483647;
			files = (
				B64D80FC28008CB100446AC4 /* HabitsStore.swift in Sources */,
				B631F628280413E9006C71AB /* HabitTableHeader.swift in Sources */,
				B64D810128008E6700446AC4 /* MainTabBarController.swift in Sources */,
				B631F62228041234006C71AB /* HabitCollectionCell.swift in Sources */,
				B6456A5427FF4AD70041A3FE /* LaunchViewController.swift in Sources */,
				B631F626280413D9006C71AB /* HabitTableCell.swift in Sources */,
				B631F62A28041516006C71AB /* HabitViewController.swift in Sources */,
				B64D81032800AFF500446AC4 /* HabitsViewController.swift in Sources */,
				B64D81052800B02000446AC4 /* InfoViewController.swift in Sources */,
				B631F62028041208006C71AB /* ProgressViewCollectionCell.swift in Sources */,
				B631F62428041254006C71AB /* HabitDetailsViewController.swift in Sources */,
				B6456A3E27FF482E0041A3FE /* AppDelegate.swift in Sources */,
			);
			runOnlyForDeploymentPostprocessing = 0;
		};
/* End PBXSourcesBuildPhase section */

/* Begin XCBuildConfiguration section */
		B6456A4C27FF482F0041A3FE /* Debug */ = {
			isa = XCBuildConfiguration;
			buildSettings = {
				ALWAYS_SEARCH_USER_PATHS = NO;
				CLANG_ANALYZER_NONNULL = YES;
				CLANG_ANALYZER_NUMBER_OBJECT_CONVERSION = YES_AGGRESSIVE;
				CLANG_CXX_LANGUAGE_STANDARD = "gnu++17";
				CLANG_ENABLE_MODULES = YES;
				CLANG_ENABLE_OBJC_ARC = YES;
				CLANG_ENABLE_OBJC_WEAK = YES;
				CLANG_WARN_BLOCK_CAPTURE_AUTORELEASING = YES;
				CLANG_WARN_BOOL_CONVERSION = YES;
				CLANG_WARN_COMMA = YES;
				CLANG_WARN_CONSTANT_CONVERSION = YES;
				CLANG_WARN_DEPRECATED_OBJC_IMPLEMENTATIONS = YES;
				CLANG_WARN_DIRECT_OBJC_ISA_USAGE = YES_ERROR;
				CLANG_WARN_DOCUMENTATION_COMMENTS = YES;
				CLANG_WARN_EMPTY_BODY = YES;
				CLANG_WARN_ENUM_CONVERSION = YES;
				CLANG_WARN_INFINITE_RECURSION = YES;
				CLANG_WARN_INT_CONVERSION = YES;
				CLANG_WARN_NON_LITERAL_NULL_CONVERSION = YES;
				CLANG_WARN_OBJC_IMPLICIT_RETAIN_SELF = YES;
				CLANG_WARN_OBJC_LITERAL_CONVERSION = YES;
				CLANG_WARN_OBJC_ROOT_CLASS = YES_ERROR;
				CLANG_WARN_QUOTED_INCLUDE_IN_FRAMEWORK_HEADER = YES;
				CLANG_WARN_RANGE_LOOP_ANALYSIS = YES;
				CLANG_WARN_STRICT_PROTOTYPES = YES;
				CLANG_WARN_SUSPICIOUS_MOVE = YES;
				CLANG_WARN_UNGUARDED_AVAILABILITY = YES_AGGRESSIVE;
				CLANG_WARN_UNREACHABLE_CODE = YES;
				CLANG_WARN__DUPLICATE_METHOD_MATCH = YES;
				COPY_PHASE_STRIP = NO;
				DEBUG_INFORMATION_FORMAT = dwarf;
				ENABLE_STRICT_OBJC_MSGSEND = YES;
				ENABLE_TESTABILITY = YES;
				GCC_C_LANGUAGE_STANDARD = gnu11;
				GCC_DYNAMIC_NO_PIC = NO;
				GCC_NO_COMMON_BLOCKS = YES;
				GCC_OPTIMIZATION_LEVEL = 0;
				GCC_PREPROCESSOR_DEFINITIONS = (
					"DEBUG=1",
					"$(inherited)",
				);
				GCC_WARN_64_TO_32_BIT_CONVERSION = YES;
				GCC_WARN_ABOUT_RETURN_TYPE = YES_ERROR;
				GCC_WARN_UNDECLARED_SELECTOR = YES;
				GCC_WARN_UNINITIALIZED_AUTOS = YES_AGGRESSIVE;
				GCC_WARN_UNUSED_FUNCTION = YES;
				GCC_WARN_UNUSED_VARIABLE = YES;
				IPHONEOS_DEPLOYMENT_TARGET = 14.0;
				MTL_ENABLE_DEBUG_INFO = INCLUDE_SOURCE;
				MTL_FAST_MATH = YES;
				ONLY_ACTIVE_ARCH = YES;
				SDKROOT = iphoneos;
				SWIFT_ACTIVE_COMPILATION_CONDITIONS = DEBUG;
				SWIFT_OPTIMIZATION_LEVEL = "-Onone";
			};
			name = Debug;
		};
		B6456A4D27FF482F0041A3FE /* Release */ = {
			isa = XCBuildConfiguration;
			buildSettings = {
				ALWAYS_SEARCH_USER_PATHS = NO;
				CLANG_ANALYZER_NONNULL = YES;
				CLANG_ANALYZER_NUMBER_OBJECT_CONVERSION = YES_AGGRESSIVE;
				CLANG_CXX_LANGUAGE_STANDARD = "gnu++17";
				CLANG_ENABLE_MODULES = YES;
				CLANG_ENABLE_OBJC_ARC = YES;
				CLANG_ENABLE_OBJC_WEAK = YES;
				CLANG_WARN_BLOCK_CAPTURE_AUTORELEASING = YES;
				CLANG_WARN_BOOL_CONVERSION = YES;
				CLANG_WARN_COMMA = YES;
				CLANG_WARN_CONSTANT_CONVERSION = YES;
				CLANG_WARN_DEPRECATED_OBJC_IMPLEMENTATIONS = YES;
				CLANG_WARN_DIRECT_OBJC_ISA_USAGE = YES_ERROR;
				CLANG_WARN_DOCUMENTATION_COMMENTS = YES;
				CLANG_WARN_EMPTY_BODY = YES;
				CLANG_WARN_ENUM_CONVERSION = YES;
				CLANG_WARN_INFINITE_RECURSION = YES;
				CLANG_WARN_INT_CONVERSION = YES;
				CLANG_WARN_NON_LITERAL_NULL_CONVERSION = YES;
				CLANG_WARN_OBJC_IMPLICIT_RETAIN_SELF = YES;
				CLANG_WARN_OBJC_LITERAL_CONVERSION = YES;
				CLANG_WARN_OBJC_ROOT_CLASS = YES_ERROR;
				CLANG_WARN_QUOTED_INCLUDE_IN_FRAMEWORK_HEADER = YES;
				CLANG_WARN_RANGE_LOOP_ANALYSIS = YES;
				CLANG_WARN_STRICT_PROTOTYPES = YES;
				CLANG_WARN_SUSPICIOUS_MOVE = YES;
				CLANG_WARN_UNGUARDED_AVAILABILITY = YES_AGGRESSIVE;
				CLANG_WARN_UNREACHABLE_CODE = YES;
				CLANG_WARN__DUPLICATE_METHOD_MATCH = YES;
				COPY_PHASE_STRIP = NO;
				DEBUG_INFORMATION_FORMAT = "dwarf-with-dsym";
				ENABLE_NS_ASSERTIONS = NO;
				ENABLE_STRICT_OBJC_MSGSEND = YES;
				GCC_C_LANGUAGE_STANDARD = gnu11;
				GCC_NO_COMMON_BLOCKS = YES;
				GCC_WARN_64_TO_32_BIT_CONVERSION = YES;
				GCC_WARN_ABOUT_RETURN_TYPE = YES_ERROR;
				GCC_WARN_UNDECLARED_SELECTOR = YES;
				GCC_WARN_UNINITIALIZED_AUTOS = YES_AGGRESSIVE;
				GCC_WARN_UNUSED_FUNCTION = YES;
				GCC_WARN_UNUSED_VARIABLE = YES;
				IPHONEOS_DEPLOYMENT_TARGET = 14.0;
				MTL_ENABLE_DEBUG_INFO = NO;
				MTL_FAST_MATH = YES;
				SDKROOT = iphoneos;
				SWIFT_COMPILATION_MODE = wholemodule;
				SWIFT_OPTIMIZATION_LEVEL = "-O";
				VALIDATE_PRODUCT = YES;
			};
			name = Release;
		};
		B6456A4F27FF482F0041A3FE /* Debug */ = {
			isa = XCBuildConfiguration;
			buildSettings = {
				ASSETCATALOG_COMPILER_APPICON_NAME = AppIcon;
				ASSETCATALOG_COMPILER_GLOBAL_ACCENT_COLOR_NAME = AccentColor;
				CODE_SIGN_STYLE = Automatic;
				CURRENT_PROJECT_VERSION = 1;
				DEVELOPMENT_TEAM = AG373U4A5W;
				GENERATE_INFOPLIST_FILE = YES;
				INFOPLIST_FILE = MyHabits/Info.plist;
				INFOPLIST_KEY_UIApplicationSupportsIndirectInputEvents = YES;
				INFOPLIST_KEY_UILaunchStoryboardName = LaunchScreen;
				INFOPLIST_KEY_UISupportedInterfaceOrientations_iPad = "UIInterfaceOrientationPortrait UIInterfaceOrientationPortraitUpsideDown UIInterfaceOrientationLandscapeLeft UIInterfaceOrientationLandscapeRight";
				INFOPLIST_KEY_UISupportedInterfaceOrientations_iPhone = "UIInterfaceOrientationPortrait UIInterfaceOrientationLandscapeLeft UIInterfaceOrientationLandscapeRight";
				LD_RUNPATH_SEARCH_PATHS = (
					"$(inherited)",
					"@executable_path/Frameworks",
				);
				MARKETING_VERSION = 1.0;
				PRODUCT_BUNDLE_IDENTIFIER = "Sokol-Daniil.MyHabits";
				PRODUCT_NAME = "$(TARGET_NAME)";
				SWIFT_EMIT_LOC_STRINGS = YES;
				SWIFT_VERSION = 5.0;
				TARGETED_DEVICE_FAMILY = "1,2";
			};
			name = Debug;
		};
		B6456A5027FF482F0041A3FE /* Release */ = {
			isa = XCBuildConfiguration;
			buildSettings = {
				ASSETCATALOG_COMPILER_APPICON_NAME = AppIcon;
				ASSETCATALOG_COMPILER_GLOBAL_ACCENT_COLOR_NAME = AccentColor;
				CODE_SIGN_STYLE = Automatic;
				CURRENT_PROJECT_VERSION = 1;
				DEVELOPMENT_TEAM = AG373U4A5W;
				GENERATE_INFOPLIST_FILE = YES;
				INFOPLIST_FILE = MyHabits/Info.plist;
				INFOPLIST_KEY_UIApplicationSupportsIndirectInputEvents = YES;
				INFOPLIST_KEY_UILaunchStoryboardName = LaunchScreen;
				INFOPLIST_KEY_UISupportedInterfaceOrientations_iPad = "UIInterfaceOrientationPortrait UIInterfaceOrientationPortraitUpsideDown UIInterfaceOrientationLandscapeLeft UIInterfaceOrientationLandscapeRight";
				INFOPLIST_KEY_UISupportedInterfaceOrientations_iPhone = "UIInterfaceOrientationPortrait UIInterfaceOrientationLandscapeLeft UIInterfaceOrientationLandscapeRight";
				LD_RUNPATH_SEARCH_PATHS = (
					"$(inherited)",
					"@executable_path/Frameworks",
				);
				MARKETING_VERSION = 1.0;
				PRODUCT_BUNDLE_IDENTIFIER = "Sokol-Daniil.MyHabits";
				PRODUCT_NAME = "$(TARGET_NAME)";
				SWIFT_EMIT_LOC_STRINGS = YES;
				SWIFT_VERSION = 5.0;
				TARGETED_DEVICE_FAMILY = "1,2";
			};
			name = Release;
		};
/* End XCBuildConfiguration section */

/* Begin XCConfigurationList section */
		B6456A3527FF482E0041A3FE /* Build configuration list for PBXProject "MyHabits" */ = {
			isa = XCConfigurationList;
			buildConfigurations = (
				B6456A4C27FF482F0041A3FE /* Debug */,
				B6456A4D27FF482F0041A3FE /* Release */,
			);
			defaultConfigurationIsVisible = 0;
			defaultConfigurationName = Release;
		};
		B6456A4E27FF482F0041A3FE /* Build configuration list for PBXNativeTarget "MyHabits" */ = {
			isa = XCConfigurationList;
			buildConfigurations = (
				B6456A4F27FF482F0041A3FE /* Debug */,
				B6456A5027FF482F0041A3FE /* Release */,
			);
			defaultConfigurationIsVisible = 0;
			defaultConfigurationName = Release;
		};
/* End XCConfigurationList section */
	};
	rootObject = B6456A3227FF482E0041A3FE /* Project object */;
}
